
Microsoft Visual Studio Solution File, Format Version 11.00
# Visual Studio 2010
Project("{FAE04EC0-301F-11D3-BF4B-00C04F79EFBC}") = "ListaDesejo", "ListaDesejo\ListaDesejo.csproj", "{1B5907D1-8351-4ECC-9ECD-444A14FA37E1}"
EndProject
Global
	GlobalSection(SolutionConfigurationPlatforms) = preSolution
		Debug|Any CPU = Debug|Any CPU
		Release|Any CPU = Release|Any CPU
	EndGlobalSection
	GlobalSection(ProjectConfigurationPlatforms) = postSolution
		{1B5907D1-8351-4ECC-9ECD-444A14FA37E1}.Debug|Any CPU.ActiveCfg = Debug|Any CPU
		{1B5907D1-8351-4ECC-9ECD-444A14FA37E1}.Debug|Any CPU.Build.0 = Debug|Any CPU
		{1B5907D1-8351-4ECC-9ECD-444A14FA37E1}.Release|Any CPU.ActiveCfg = Release|Any CPU
		{1B5907D1-8351-4ECC-9ECD-444A14FA37E1}.Release|Any CPU.Build.0 = Release|Any CPU
	EndGlobalSection
	GlobalSection(SolutionProperties) = preSolution
		HideSolutionNode = FALSE
	EndGlobalSection
EndGlobal
